// !$*UTF8*$!
{
	archiveVersion = 1;
	classes = {
	};
	objectVersion = 56;
	objects = {

/* Begin PBXBuildFile section */
		9C2BF70E291DA69C00B322F9 /* test.swift in Sources */ = {isa = PBXBuildFile; fileRef = 9C2BF70D291DA69C00B322F9 /* test.swift */; };
		9CDD62C4291DA52300D6FD8C /* PasswordGenerator_iOSApp.swift in Sources */ = {isa = PBXBuildFile; fileRef = 9CDD62C3291DA52300D6FD8C /* PasswordGenerator_iOSApp.swift */; };
		9CDD62C8291DA52400D6FD8C /* Assets.xcassets in Resources */ = {isa = PBXBuildFile; fileRef = 9CDD62C7291DA52400D6FD8C /* Assets.xcassets */; };
		9CDD62CB291DA52400D6FD8C /* Preview Assets.xcassets in Resources */ = {isa = PBXBuildFile; fileRef = 9CDD62CA291DA52400D6FD8C /* Preview Assets.xcassets */; };
		9CDD62D5291DA52400D6FD8C /* PasswordGenerator_iOSTests.swift in Sources */ = {isa = PBXBuildFile; fileRef = 9CDD62D4291DA52400D6FD8C /* PasswordGenerator_iOSTests.swift */; };
		9CDD62DF291DA52400D6FD8C /* PasswordGenerator_iOSUITests.swift in Sources */ = {isa = PBXBuildFile; fileRef = 9CDD62DE291DA52400D6FD8C /* PasswordGenerator_iOSUITests.swift */; };
		9CDD62E1291DA52400D6FD8C /* PasswordGenerator_iOSUITestsLaunchTests.swift in Sources */ = {isa = PBXBuildFile; fileRef = 9CDD62E0291DA52400D6FD8C /* PasswordGenerator_iOSUITestsLaunchTests.swift */; };
		9CDD62EE291DA53600D6FD8C /* funcPassgen.swift in Sources */ = {isa = PBXBuildFile; fileRef = 9CDD62ED291DA53600D6FD8C /* funcPassgen.swift */; };
/* End PBXBuildFile section */

/* Begin PBXContainerItemProxy section */
		9CDD62D1291DA52400D6FD8C /* PBXContainerItemProxy */ = {
			isa = PBXContainerItemProxy;
			containerPortal = 9CDD62B8291DA52300D6FD8C /* Project object */;
			proxyType = 1;
			remoteGlobalIDString = 9CDD62BF291DA52300D6FD8C;
			remoteInfo = "PasswordGenerator-iOS";
		};
		9CDD62DB291DA52400D6FD8C /* PBXContainerItemProxy */ = {
			isa = PBXContainerItemProxy;
			containerPortal = 9CDD62B8291DA52300D6FD8C /* Project object */;
			proxyType = 1;
			remoteGlobalIDString = 9CDD62BF291DA52300D6FD8C;
			remoteInfo = "PasswordGenerator-iOS";
		};
/* End PBXContainerItemProxy section */

/* Begin PBXFileReference section */
		9C2BF70D291DA69C00B322F9 /* test.swift */ = {isa = PBXFileReference; lastKnownFileType = sourcecode.swift; path = test.swift; sourceTree = "<group>"; };
		9CDD62C0291DA52300D6FD8C /* PasswordGenerator-iOS.app */ = {isa = PBXFileReference; explicitFileType = wrapper.application; includeInIndex = 0; path = "PasswordGenerator-iOS.app"; sourceTree = BUILT_PRODUCTS_DIR; };
		9CDD62C3291DA52300D6FD8C /* PasswordGenerator_iOSApp.swift */ = {isa = PBXFileReference; lastKnownFileType = sourcecode.swift; path = PasswordGenerator_iOSApp.swift; sourceTree = "<group>"; };
		9CDD62C7291DA52400D6FD8C /* Assets.xcassets */ = {isa = PBXFileReference; lastKnownFileType = folder.assetcatalog; path = Assets.xcassets; sourceTree = "<group>"; };
		9CDD62CA291DA52400D6FD8C /* Preview Assets.xcassets */ = {isa = PBXFileReference; lastKnownFileType = folder.assetcatalog; path = "Preview Assets.xcassets"; sourceTree = "<group>"; };
		9CDD62D0291DA52400D6FD8C /* PasswordGenerator-iOSTests.xctest */ = {isa = PBXFileReference; explicitFileType = wrapper.cfbundle; includeInIndex = 0; path = "PasswordGenerator-iOSTests.xctest"; sourceTree = BUILT_PRODUCTS_DIR; };
		9CDD62D4291DA52400D6FD8C /* PasswordGenerator_iOSTests.swift */ = {isa = PBXFileReference; lastKnownFileType = sourcecode.swift; path = PasswordGenerator_iOSTests.swift; sourceTree = "<group>"; };
		9CDD62DA291DA52400D6FD8C /* PasswordGenerator-iOSUITests.xctest */ = {isa = PBXFileReference; explicitFileType = wrapper.cfbundle; includeInIndex = 0; path = "PasswordGenerator-iOSUITests.xctest"; sourceTree = BUILT_PRODUCTS_DIR; };
		9CDD62DE291DA52400D6FD8C /* PasswordGenerator_iOSUITests.swift */ = {isa = PBXFileReference; lastKnownFileType = sourcecode.swift; path = PasswordGenerator_iOSUITests.swift; sourceTree = "<group>"; };
		9CDD62E0291DA52400D6FD8C /* PasswordGenerator_iOSUITestsLaunchTests.swift */ = {isa = PBXFileReference; lastKnownFileType = sourcecode.swift; path = PasswordGenerator_iOSUITestsLaunchTests.swift; sourceTree = "<group>"; };
		9CDD62ED291DA53600D6FD8C /* funcPassgen.swift */ = {isa = PBXFileReference; fileEncoding = 4; lastKnownFileType = sourcecode.swift; path = funcPassgen.swift; sourceTree = "<group>"; };
/* End PBXFileReference section */

/* Begin PBXFrameworksBuildPhase section */
		9CDD62BD291DA52300D6FD8C /* Frameworks */ = {
			isa = PBXFrameworksBuildPhase;
			buildActionMask = 2147483647;
			files = (
			);
			runOnlyForDeploymentPostprocessing = 0;
		};
		9CDD62CD291DA52400D6FD8C /* Frameworks */ = {
			isa = PBXFrameworksBuildPhase;
			buildActionMask = 2147483647;
			files = (
			);
			runOnlyForDeploymentPostprocessing = 0;
		};
		9CDD62D7291DA52400D6FD8C /* Frameworks */ = {
			isa = PBXFrameworksBuildPhase;
			buildActionMask = 2147483647;
			files = (
			);
			runOnlyForDeploymentPostprocessing = 0;
		};
/* End PBXFrameworksBuildPhase section */

/* Begin PBXGroup section */
		9CDD62B7291DA52300D6FD8C = {
			isa = PBXGroup;
			children = (
				9CDD62C2291DA52300D6FD8C /* PasswordGenerator-iOS */,
				9CDD62D3291DA52400D6FD8C /* PasswordGenerator-iOSTests */,
				9CDD62DD291DA52400D6FD8C /* PasswordGenerator-iOSUITests */,
				9CDD62C1291DA52300D6FD8C /* Products */,
			);
			sourceTree = "<group>";
		};
		9CDD62C1291DA52300D6FD8C /* Products */ = {
			isa = PBXGroup;
			children = (
				9CDD62C0291DA52300D6FD8C /* PasswordGenerator-iOS.app */,
				9CDD62D0291DA52400D6FD8C /* PasswordGenerator-iOSTests.xctest */,
				9CDD62DA291DA52400D6FD8C /* PasswordGenerator-iOSUITests.xctest */,
			);
			name = Products;
			sourceTree = "<group>";
		};
		9CDD62C2291DA52300D6FD8C /* PasswordGenerator-iOS */ = {
			isa = PBXGroup;
			children = (
				9CDD62C3291DA52300D6FD8C /* PasswordGenerator_iOSApp.swift */,
				9C2BF70D291DA69C00B322F9 /* test.swift */,
				9CDD62ED291DA53600D6FD8C /* funcPassgen.swift */,
				9CDD62C7291DA52400D6FD8C /* Assets.xcassets */,
				9CDD62C9291DA52400D6FD8C /* Preview Content */,
			);
			path = "PasswordGenerator-iOS";
			sourceTree = "<group>";
		};
		9CDD62C9291DA52400D6FD8C /* Preview Content */ = {
			isa = PBXGroup;
			children = (
				9CDD62CA291DA52400D6FD8C /* Preview Assets.xcassets */,
			);
			path = "Preview Content";
			sourceTree = "<group>";
		};
		9CDD62D3291DA52400D6FD8C /* PasswordGenerator-iOSTests */ = {
			isa = PBXGroup;
			children = (
				9CDD62D4291DA52400D6FD8C /* PasswordGenerator_iOSTests.swift */,
			);
			path = "PasswordGenerator-iOSTests";
			sourceTree = "<group>";
		};
		9CDD62DD291DA52400D6FD8C /* PasswordGenerator-iOSUITests */ = {
			isa = PBXGroup;
			children = (
				9CDD62DE291DA52400D6FD8C /* PasswordGenerator_iOSUITests.swift */,
				9CDD62E0291DA52400D6FD8C /* PasswordGenerator_iOSUITestsLaunchTests.swift */,
			);
			path = "PasswordGenerator-iOSUITests";
			sourceTree = "<group>";
		};
/* End PBXGroup section */

/* Begin PBXNativeTarget section */
		9CDD62BF291DA52300D6FD8C /* PasswordGenerator-iOS */ = {
			isa = PBXNativeTarget;
			buildConfigurationList = 9CDD62E4291DA52400D6FD8C /* Build configuration list for PBXNativeTarget "PasswordGenerator-iOS" */;
			buildPhases = (
				9CDD62BC291DA52300D6FD8C /* Sources */,
				9CDD62BD291DA52300D6FD8C /* Frameworks */,
				9CDD62BE291DA52300D6FD8C /* Resources */,
			);
			buildRules = (
			);
			dependencies = (
			);
			name = "PasswordGenerator-iOS";
			productName = "PasswordGenerator-iOS";
			productReference = 9CDD62C0291DA52300D6FD8C /* PasswordGenerator-iOS.app */;
			productType = "com.apple.product-type.application";
		};
		9CDD62CF291DA52400D6FD8C /* PasswordGenerator-iOSTests */ = {
			isa = PBXNativeTarget;
			buildConfigurationList = 9CDD62E7291DA52400D6FD8C /* Build configuration list for PBXNativeTarget "PasswordGenerator-iOSTests" */;
			buildPhases = (
				9CDD62CC291DA52400D6FD8C /* Sources */,
				9CDD62CD291DA52400D6FD8C /* Frameworks */,
				9CDD62CE291DA52400D6FD8C /* Resources */,
			);
			buildRules = (
			);
			dependencies = (
				9CDD62D2291DA52400D6FD8C /* PBXTargetDependency */,
			);
			name = "PasswordGenerator-iOSTests";
			productName = "PasswordGenerator-iOSTests";
			productReference = 9CDD62D0291DA52400D6FD8C /* PasswordGenerator-iOSTests.xctest */;
			productType = "com.apple.product-type.bundle.unit-test";
		};
		9CDD62D9291DA52400D6FD8C /* PasswordGenerator-iOSUITests */ = {
			isa = PBXNativeTarget;
			buildConfigurationList = 9CDD62EA291DA52400D6FD8C /* Build configuration list for PBXNativeTarget "PasswordGenerator-iOSUITests" */;
			buildPhases = (
				9CDD62D6291DA52400D6FD8C /* Sources */,
				9CDD62D7291DA52400D6FD8C /* Frameworks */,
				9CDD62D8291DA52400D6FD8C /* Resources */,
			);
			buildRules = (
			);
			dependencies = (
				9CDD62DC291DA52400D6FD8C /* PBXTargetDependency */,
			);
			name = "PasswordGenerator-iOSUITests";
			productName = "PasswordGenerator-iOSUITests";
			productReference = 9CDD62DA291DA52400D6FD8C /* PasswordGenerator-iOSUITests.xctest */;
			productType = "com.apple.product-type.bundle.ui-testing";
		};
/* End PBXNativeTarget section */

/* Begin PBXProject section */
		9CDD62B8291DA52300D6FD8C /* Project object */ = {
			isa = PBXProject;
			attributes = {
				BuildIndependentTargetsInParallel = 1;
				LastSwiftUpdateCheck = 1400;
				LastUpgradeCheck = 1400;
				TargetAttributes = {
					9CDD62BF291DA52300D6FD8C = {
						CreatedOnToolsVersion = 14.0;
					};
					9CDD62CF291DA52400D6FD8C = {
						CreatedOnToolsVersion = 14.0;
						TestTargetID = 9CDD62BF291DA52300D6FD8C;
					};
					9CDD62D9291DA52400D6FD8C = {
						CreatedOnToolsVersion = 14.0;
						TestTargetID = 9CDD62BF291DA52300D6FD8C;
					};
				};
			};
			buildConfigurationList = 9CDD62BB291DA52300D6FD8C /* Build configuration list for PBXProject "PasswordGenerator-iOS" */;
			compatibilityVersion = "Xcode 14.0";
			developmentRegion = en;
			hasScannedForEncodings = 0;
			knownRegions = (
				en,
				Base,
			);
			mainGroup = 9CDD62B7291DA52300D6FD8C;
			productRefGroup = 9CDD62C1291DA52300D6FD8C /* Products */;
			projectDirPath = "";
			projectRoot = "";
			targets = (
				9CDD62BF291DA52300D6FD8C /* PasswordGenerator-iOS */,
				9CDD62CF291DA52400D6FD8C /* PasswordGenerator-iOSTests */,
				9CDD62D9291DA52400D6FD8C /* PasswordGenerator-iOSUITests */,
			);
		};
/* End PBXProject section */

/* Begin PBXResourcesBuildPhase section */
		9CDD62BE291DA52300D6FD8C /* Resources */ = {
			isa = PBXResourcesBuildPhase;
			buildActionMask = 2147483647;
			files = (
				9CDD62CB291DA52400D6FD8C /* Preview Assets.xcassets in Resources */,
				9CDD62C8291DA52400D6FD8C /* Assets.xcassets in Resources */,
			);
			runOnlyForDeploymentPostprocessing = 0;
		};
		9CDD62CE291DA52400D6FD8C /* Resources */ = {
			isa = PBXResourcesBuildPhase;
			buildActionMask = 2147483647;
			files = (
			);
			runOnlyForDeploymentPostprocessing = 0;
		};
		9CDD62D8291DA52400D6FD8C /* Resources */ = {
			isa = PBXResourcesBuildPhase;
			buildActionMask = 2147483647;
			files = (
			);
			runOnlyForDeploymentPostprocessing = 0;
		};
/* End PBXResourcesBuildPhase section */

/* Begin PBXSourcesBuildPhase section */
		9CDD62BC291DA52300D6FD8C /* Sources */ = {
			isa = PBXSourcesBuildPhase;
			buildActionMask = 2147483647;
			files = (
				9C2BF70E291DA69C00B322F9 /* test.swift in Sources */,
				9CDD62EE291DA53600D6FD8C /* funcPassgen.swift in Sources */,
				9CDD62C4291DA52300D6FD8C /* PasswordGenerator_iOSApp.swift in Sources */,
			);
			runOnlyForDeploymentPostprocessing = 0;
		};
		9CDD62CC291DA52400D6FD8C /* Sources */ = {
			isa = PBXSourcesBuildPhase;
			buildActionMask = 2147483647;
			files = (
				9CDD62D5291DA52400D6FD8C /* PasswordGenerator_iOSTests.swift in Sources */,
			);
			runOnlyForDeploymentPostprocessing = 0;
		};
		9CDD62D6291DA52400D6FD8C /* Sources */ = {
			isa = PBXSourcesBuildPhase;
			buildActionMask = 2147483647;
			files = (
				9CDD62DF291DA52400D6FD8C /* PasswordGenerator_iOSUITests.swift in Sources */,
				9CDD62E1291DA52400D6FD8C /* PasswordGenerator_iOSUITestsLaunchTests.swift in Sources */,
			);
			runOnlyForDeploymentPostprocessing = 0;
		};
/* End PBXSourcesBuildPhase section */

/* Begin PBXTargetDependency section */
		9CDD62D2291DA52400D6FD8C /* PBXTargetDependency */ = {
			isa = PBXTargetDependency;
			target = 9CDD62BF291DA52300D6FD8C /* PasswordGenerator-iOS */;
			targetProxy = 9CDD62D1291DA52400D6FD8C /* PBXContainerItemProxy */;
		};
		9CDD62DC291DA52400D6FD8C /* PBXTargetDependency */ = {
			isa = PBXTargetDependency;
			target = 9CDD62BF291DA52300D6FD8C /* PasswordGenerator-iOS */;
			targetProxy = 9CDD62DB291DA52400D6FD8C /* PBXContainerItemProxy */;
		};
/* End PBXTargetDependency section */

/* Begin XCBuildConfiguration section */
		9CDD62E2291DA52400D6FD8C /* Debug */ = {
			isa = XCBuildConfiguration;
			buildSettings = {
				ALWAYS_SEARCH_USER_PATHS = NO;
				CLANG_ANALYZER_NONNULL = YES;
				CLANG_ANALYZER_NUMBER_OBJECT_CONVERSION = YES_AGGRESSIVE;
				CLANG_CXX_LANGUAGE_STANDARD = "gnu++17";
				CLANG_ENABLE_MODULES = YES;
				CLANG_ENABLE_OBJC_ARC = YES;
				CLANG_ENABLE_OBJC_WEAK = YES;
				CLANG_WARN_BLOCK_CAPTURE_AUTORELEASING = YES;
				CLANG_WARN_BOOL_CONVERSION = YES;
				CLANG_WARN_COMMA = YES;
				CLANG_WARN_CONSTANT_CONVERSION = YES;
				CLANG_WARN_DEPRECATED_OBJC_IMPLEMENTATIONS = YES;
				CLANG_WARN_DIRECT_OBJC_ISA_USAGE = YES_ERROR;
				CLANG_WARN_DOCUMENTATION_COMMENTS = YES;
				CLANG_WARN_EMPTY_BODY = YES;
				CLANG_WARN_ENUM_CONVERSION = YES;
				CLANG_WARN_INFINITE_RECURSION = YES;
				CLANG_WARN_INT_CONVERSION = YES;
				CLANG_WARN_NON_LITERAL_NULL_CONVERSION = YES;
				CLANG_WARN_OBJC_IMPLICIT_RETAIN_SELF = YES;
				CLANG_WARN_OBJC_LITERAL_CONVERSION = YES;
				CLANG_WARN_OBJC_ROOT_CLASS = YES_ERROR;
				CLANG_WARN_QUOTED_INCLUDE_IN_FRAMEWORK_HEADER = YES;
				CLANG_WARN_RANGE_LOOP_ANALYSIS = YES;
				CLANG_WARN_STRICT_PROTOTYPES = YES;
				CLANG_WARN_SUSPICIOUS_MOVE = YES;
				CLANG_WARN_UNGUARDED_AVAILABILITY = YES_AGGRESSIVE;
				CLANG_WARN_UNREACHABLE_CODE = YES;
				CLANG_WARN__DUPLICATE_METHOD_MATCH = YES;
				COPY_PHASE_STRIP = NO;
				DEBUG_INFORMATION_FORMAT = dwarf;
				ENABLE_STRICT_OBJC_MSGSEND = YES;
				ENABLE_TESTABILITY = YES;
				GCC_C_LANGUAGE_STANDARD = gnu11;
				GCC_DYNAMIC_NO_PIC = NO;
				GCC_NO_COMMON_BLOCKS = YES;
				GCC_OPTIMIZATION_LEVEL = 0;
				GCC_PREPROCESSOR_DEFINITIONS = (
					"DEBUG=1",
					"$(inherited)",
				);
				GCC_WARN_64_TO_32_BIT_CONVERSION = YES;
				GCC_WARN_ABOUT_RETURN_TYPE = YES_ERROR;
				GCC_WARN_UNDECLARED_SELECTOR = YES;
				GCC_WARN_UNINITIALIZED_AUTOS = YES_AGGRESSIVE;
				GCC_WARN_UNUSED_FUNCTION = YES;
				GCC_WARN_UNUSED_VARIABLE = YES;
				IPHONEOS_DEPLOYMENT_TARGET = 16.0;
				MTL_ENABLE_DEBUG_INFO = INCLUDE_SOURCE;
				MTL_FAST_MATH = YES;
				ONLY_ACTIVE_ARCH = YES;
				SDKROOT = iphoneos;
				SWIFT_ACTIVE_COMPILATION_CONDITIONS = DEBUG;
				SWIFT_OPTIMIZATION_LEVEL = "-Onone";
			};
			name = Debug;
		};
		9CDD62E3291DA52400D6FD8C /* Release */ = {
			isa = XCBuildConfiguration;
			buildSettings = {
				ALWAYS_SEARCH_USER_PATHS = NO;
				CLANG_ANALYZER_NONNULL = YES;
				CLANG_ANALYZER_NUMBER_OBJECT_CONVERSION = YES_AGGRESSIVE;
				CLANG_CXX_LANGUAGE_STANDARD = "gnu++17";
				CLANG_ENABLE_MODULES = YES;
				CLANG_ENABLE_OBJC_ARC = YES;
				CLANG_ENABLE_OBJC_WEAK = YES;
				CLANG_WARN_BLOCK_CAPTURE_AUTORELEASING = YES;
				CLANG_WARN_BOOL_CONVERSION = YES;
				CLANG_WARN_COMMA = YES;
				CLANG_WARN_CONSTANT_CONVERSION = YES;
				CLANG_WARN_DEPRECATED_OBJC_IMPLEMENTATIONS = YES;
				CLANG_WARN_DIRECT_OBJC_ISA_USAGE = YES_ERROR;
				CLANG_WARN_DOCUMENTATION_COMMENTS = YES;
				CLANG_WARN_EMPTY_BODY = YES;
				CLANG_WARN_ENUM_CONVERSION = YES;
				CLANG_WARN_INFINITE_RECURSION = YES;
				CLANG_WARN_INT_CONVERSION = YES;
				CLANG_WARN_NON_LITERAL_NULL_CONVERSION = YES;
				CLANG_WARN_OBJC_IMPLICIT_RETAIN_SELF = YES;
				CLANG_WARN_OBJC_LITERAL_CONVERSION = YES;
				CLANG_WARN_OBJC_ROOT_CLASS = YES_ERROR;
				CLANG_WARN_QUOTED_INCLUDE_IN_FRAMEWORK_HEADER = YES;
				CLANG_WARN_RANGE_LOOP_ANALYSIS = YES;
				CLANG_WARN_STRICT_PROTOTYPES = YES;
				CLANG_WARN_SUSPICIOUS_MOVE = YES;
				CLANG_WARN_UNGUARDED_AVAILABILITY = YES_AGGRESSIVE;
				CLANG_WARN_UNREACHABLE_CODE = YES;
				CLANG_WARN__DUPLICATE_METHOD_MATCH = YES;
				COPY_PHASE_STRIP = NO;
				DEBUG_INFORMATION_FORMAT = "dwarf-with-dsym";
				ENABLE_NS_ASSERTIONS = NO;
				ENABLE_STRICT_OBJC_MSGSEND = YES;
				GCC_C_LANGUAGE_STANDARD = gnu11;
				GCC_NO_COMMON_BLOCKS = YES;
				GCC_WARN_64_TO_32_BIT_CONVERSION = YES;
				GCC_WARN_ABOUT_RETURN_TYPE = YES_ERROR;
				GCC_WARN_UNDECLARED_SELECTOR = YES;
				GCC_WARN_UNINITIALIZED_AUTOS = YES_AGGRESSIVE;
				GCC_WARN_UNUSED_FUNCTION = YES;
				GCC_WARN_UNUSED_VARIABLE = YES;
				IPHONEOS_DEPLOYMENT_TARGET = 16.0;
				MTL_ENABLE_DEBUG_INFO = NO;
				MTL_FAST_MATH = YES;
				SDKROOT = iphoneos;
				SWIFT_COMPILATION_MODE = wholemodule;
				SWIFT_OPTIMIZATION_LEVEL = "-O";
				VALIDATE_PRODUCT = YES;
			};
			name = Release;
		};
		9CDD62E5291DA52400D6FD8C /* Debug */ = {
			isa = XCBuildConfiguration;
			buildSettings = {
				ASSETCATALOG_COMPILER_APPICON_NAME = AppIcon;
				ASSETCATALOG_COMPILER_GLOBAL_ACCENT_COLOR_NAME = AccentColor;
				CODE_SIGN_STYLE = Automatic;
				CURRENT_PROJECT_VERSION = 1;
				DEVELOPMENT_ASSET_PATHS = "\"PasswordGenerator-iOS/Preview Content\"";
				DEVELOPMENT_TEAM = JBDCCGS2V3;
				ENABLE_PREVIEWS = YES;
				GENERATE_INFOPLIST_FILE = YES;
				INFOPLIST_KEY_UIApplicationSceneManifest_Generation = YES;
				INFOPLIST_KEY_UIApplicationSupportsIndirectInputEvents = YES;
				INFOPLIST_KEY_UILaunchScreen_Generation = YES;
				INFOPLIST_KEY_UISupportedInterfaceOrientations_iPad = "UIInterfaceOrientationPortrait UIInterfaceOrientationPortraitUpsideDown UIInterfaceOrientationLandscapeLeft UIInterfaceOrientationLandscapeRight";
				INFOPLIST_KEY_UISupportedInterfaceOrientations_iPhone = "UIInterfaceOrientationPortrait UIInterfaceOrientationLandscapeLeft UIInterfaceOrientationLandscapeRight";
				LD_RUNPATH_SEARCH_PATHS = (
					"$(inherited)",
					"@executable_path/Frameworks",
				);
				MARKETING_VERSION = 1.0;
				PRODUCT_BUNDLE_IDENTIFIER = "com.max21160.PasswordGenerator-iOS";
				PRODUCT_NAME = "$(TARGET_NAME)";
				SWIFT_EMIT_LOC_STRINGS = YES;
				SWIFT_VERSION = 5.0;
				TARGETED_DEVICE_FAMILY = "1,2";
			};
			name = Debug;
		};
		9CDD62E6291DA52400D6FD8C /* Release */ = {
			isa = XCBuildConfiguration;
			buildSettings = {
				ASSETCATALOG_COMPILER_APPICON_NAME = AppIcon;
				ASSETCATALOG_COMPILER_GLOBAL_ACCENT_COLOR_NAME = AccentColor;
				CODE_SIGN_STYLE = Automatic;
				CURRENT_PROJECT_VERSION = 1;
				DEVELOPMENT_ASSET_PATHS = "\"PasswordGenerator-iOS/Preview Content\"";
				DEVELOPMENT_TEAM = JBDCCGS2V3;
				ENABLE_PREVIEWS = YES;
				GENERATE_INFOPLIST_FILE = YES;
				INFOPLIST_KEY_UIApplicationSceneManifest_Generation = YES;
				INFOPLIST_KEY_UIApplicationSupportsIndirectInputEvents = YES;
				INFOPLIST_KEY_UILaunchScreen_Generation = YES;
				INFOPLIST_KEY_UISupportedInterfaceOrientations_iPad = "UIInterfaceOrientationPortrait UIInterfaceOrientationPortraitUpsideDown UIInterfaceOrientationLandscapeLeft UIInterfaceOrientationLandscapeRight";
				INFOPLIST_KEY_UISupportedInterfaceOrientations_iPhone = "UIInterfaceOrientationPortrait UIInterfaceOrientationLandscapeLeft UIInterfaceOrientationLandscapeRight";
				LD_RUNPATH_SEARCH_PATHS = (
					"$(inherited)",
					"@executable_path/Frameworks",
				);
				MARKETING_VERSION = 1.0;
				PRODUCT_BUNDLE_IDENTIFIER = "com.max21160.PasswordGenerator-iOS";
				PRODUCT_NAME = "$(TARGET_NAME)";
				SWIFT_EMIT_LOC_STRINGS = YES;
				SWIFT_VERSION = 5.0;
				TARGETED_DEVICE_FAMILY = "1,2";
			};
			name = Release;
		};
		9CDD62E8291DA52400D6FD8C /* Debug */ = {
			isa = XCBuildConfiguration;
			buildSettings = {
				ALWAYS_EMBED_SWIFT_STANDARD_LIBRARIES = YES;
				BUNDLE_LOADER = "$(TEST_HOST)";
				CODE_SIGN_STYLE = Automatic;
				CURRENT_PROJECT_VERSION = 1;
				DEVELOPMENT_TEAM = JBDCCGS2V3;
				GENERATE_INFOPLIST_FILE = YES;
				IPHONEOS_DEPLOYMENT_TARGET = 16.0;
				MARKETING_VERSION = 1.0;
				PRODUCT_BUNDLE_IDENTIFIER = "com.max21160.PasswordGenerator-iOSTests";
				PRODUCT_NAME = "$(TARGET_NAME)";
				SWIFT_EMIT_LOC_STRINGS = NO;
				SWIFT_VERSION = 5.0;
				TARGETED_DEVICE_FAMILY = "1,2";
				TEST_HOST = "$(BUILT_PRODUCTS_DIR)/PasswordGenerator-iOS.app/$(BUNDLE_EXECUTABLE_FOLDER_PATH)/PasswordGenerator-iOS";
			};
			name = Debug;
		};
		9CDD62E9291DA52400D6FD8C /* Release */ = {
			isa = XCBuildConfiguration;
			buildSettings = {
				ALWAYS_EMBED_SWIFT_STANDARD_LIBRARIES = YES;
				BUNDLE_LOADER = "$(TEST_HOST)";
				CODE_SIGN_STYLE = Automatic;
				CURRENT_PROJECT_VERSION = 1;
				DEVELOPMENT_TEAM = JBDCCGS2V3;
				GENERATE_INFOPLIST_FILE = YES;
				IPHONEOS_DEPLOYMENT_TARGET = 16.0;
				MARKETING_VERSION = 1.0;
				PRODUCT_BUNDLE_IDENTIFIER = "com.max21160.PasswordGenerator-iOSTests";
				PRODUCT_NAME = "$(TARGET_NAME)";
				SWIFT_EMIT_LOC_STRINGS = NO;
				SWIFT_VERSION = 5.0;
				TARGETED_DEVICE_FAMILY = "1,2";
				TEST_HOST = "$(BUILT_PRODUCTS_DIR)/PasswordGenerator-iOS.app/$(BUNDLE_EXECUTABLE_FOLDER_PATH)/PasswordGenerator-iOS";
			};
			name = Release;
		};
		9CDD62EB291DA52400D6FD8C /* Debug */ = {
			isa = XCBuildConfiguration;
			buildSettings = {
				ALWAYS_EMBED_SWIFT_STANDARD_LIBRARIES = YES;
				CODE_SIGN_STYLE = Automatic;
				CURRENT_PROJECT_VERSION = 1;
				DEVELOPMENT_TEAM = JBDCCGS2V3;
				GENERATE_INFOPLIST_FILE = YES;
				MARKETING_VERSION = 1.0;
				PRODUCT_BUNDLE_IDENTIFIER = "com.max21160.PasswordGenerator-iOSUITests";
				PRODUCT_NAME = "$(TARGET_NAME)";
				SWIFT_EMIT_LOC_STRINGS = NO;
				SWIFT_VERSION = 5.0;
				TARGETED_DEVICE_FAMILY = "1,2";
				TEST_TARGET_NAME = "PasswordGenerator-iOS";
			};
			name = Debug;
		};
		9CDD62EC291DA52400D6FD8C /* Release */ = {
			isa = XCBuildConfiguration;
			buildSettings = {
				ALWAYS_EMBED_SWIFT_STANDARD_LIBRARIES = YES;
				CODE_SIGN_STYLE = Automatic;
				CURRENT_PROJECT_VERSION = 1;
				DEVELOPMENT_TEAM = JBDCCGS2V3;
				GENERATE_INFOPLIST_FILE = YES;
				MARKETING_VERSION = 1.0;
				PRODUCT_BUNDLE_IDENTIFIER = "com.max21160.PasswordGenerator-iOSUITests";
				PRODUCT_NAME = "$(TARGET_NAME)";
				SWIFT_EMIT_LOC_STRINGS = NO;
				SWIFT_VERSION = 5.0;
				TARGETED_DEVICE_FAMILY = "1,2";
				TEST_TARGET_NAME = "PasswordGenerator-iOS";
			};
			name = Release;
		};
/* End XCBuildConfiguration section */

/* Begin XCConfigurationList section */
		9CDD62BB291DA52300D6FD8C /* Build configuration list for PBXProject "PasswordGenerator-iOS" */ = {
			isa = XCConfigurationList;
			buildConfigurations = (
				9CDD62E2291DA52400D6FD8C /* Debug */,
				9CDD62E3291DA52400D6FD8C /* Release */,
			);
			defaultConfigurationIsVisible = 0;
			defaultConfigurationName = Release;
		};
		9CDD62E4291DA52400D6FD8C /* Build configuration list for PBXNativeTarget "PasswordGenerator-iOS" */ = {
			isa = XCConfigurationList;
			buildConfigurations = (
				9CDD62E5291DA52400D6FD8C /* Debug */,
				9CDD62E6291DA52400D6FD8C /* Release */,
			);
			defaultConfigurationIsVisible = 0;
			defaultConfigurationName = Release;
		};
		9CDD62E7291DA52400D6FD8C /* Build configuration list for PBXNativeTarget "PasswordGenerator-iOSTests" */ = {
			isa = XCConfigurationList;
			buildConfigurations = (
				9CDD62E8291DA52400D6FD8C /* Debug */,
				9CDD62E9291DA52400D6FD8C /* Release */,
			);
			defaultConfigurationIsVisible = 0;
			defaultConfigurationName = Release;
		};
		9CDD62EA291DA52400D6FD8C /* Build configuration list for PBXNativeTarget "PasswordGenerator-iOSUITests" */ = {
			isa = XCConfigurationList;
			buildConfigurations = (
				9CDD62EB291DA52400D6FD8C /* Debug */,
				9CDD62EC291DA52400D6FD8C /* Release */,
			);
			defaultConfigurationIsVisible = 0;
			defaultConfigurationName = Release;
		};
/* End XCConfigurationList section */
	};
	rootObject = 9CDD62B8291DA52300D6FD8C /* Project object */;
}
